
Microsoft Visual Studio Solution File, Format Version 12.00
# Visual Studio Version 17
VisualStudioVersion = 17.0.31903.59
MinimumVisualStudioVersion = 10.0.40219.1
Project("{2150E333-8FDC-42A3-9474-1A3956D46DE8}") = "Projects", "Projects", "{1BBB91D3-2CF4-41DD-BA70-BD171BCDCB6D}"
EndProject
Project("{FAE04EC0-301F-11D3-BF4B-00C04F79EFBC}") = "Core", "Core\Core.csproj", "{22A6445D-8CBC-4D76-9EB0-10891D7FDA2C}"
EndProject
Project("{FAE04EC0-301F-11D3-BF4B-00C04F79EFBC}") = "Tests", "Tests\Tests.csproj", "{D6876818-BB76-4B80-B2D2-B501F44F733C}"
EndProject
Global
	GlobalSection(SolutionConfigurationPlatforms) = preSolution
		Debug|Any CPU = Debug|Any CPU
		Release|Any CPU = Release|Any CPU
	EndGlobalSection
	GlobalSection(SolutionProperties) = preSolution
		HideSolutionNode = FALSE
	EndGlobalSection
	GlobalSection(ProjectConfigurationPlatforms) = postSolution
		{22A6445D-8CBC-4D76-9EB0-10891D7FDA2C}.Debug|Any CPU.ActiveCfg = Debug|Any CPU
		{22A6445D-8CBC-4D76-9EB0-10891D7FDA2C}.Debug|Any CPU.Build.0 = Debug|Any CPU
		{22A6445D-8CBC-4D76-9EB0-10891D7FDA2C}.Release|Any CPU.ActiveCfg = Release|Any CPU
		{22A6445D-8CBC-4D76-9EB0-10891D7FDA2C}.Release|Any CPU.Build.0 = Release|Any CPU
		{D6876818-BB76-4B80-B2D2-B501F44F733C}.Debug|Any CPU.ActiveCfg = Debug|Any CPU
		{D6876818-BB76-4B80-B2D2-B501F44F733C}.Debug|Any CPU.Build.0 = Debug|Any CPU
		{D6876818-BB76-4B80-B2D2-B501F44F733C}.Release|Any CPU.ActiveCfg = Release|Any CPU
		{D6876818-BB76-4B80-B2D2-B501F44F733C}.Release|Any CPU.Build.0 = Release|Any CPU
	EndGlobalSection
	GlobalSection(NestedProjects) = preSolution
		{22A6445D-8CBC-4D76-9EB0-10891D7FDA2C} = {1BBB91D3-2CF4-41DD-BA70-BD171BCDCB6D}
		{D6876818-BB76-4B80-B2D2-B501F44F733C} = {1BBB91D3-2CF4-41DD-BA70-BD171BCDCB6D}
	EndGlobalSection
EndGlobal
